
Microsoft Visual Studio Solution File, Format Version 12.00
# Visual Studio Version 17
VisualStudioVersion = 17.10.34928.147
MinimumVisualStudioVersion = 10.0.40219.1
Project("{9A19103F-16F7-4668-BE54-9A1E7A4F7556}") = "Wood", "Wood\Wood.csproj", "{59DFF049-0C4A-45BF-9DED-E4B33EF4C94E}"
EndProject
Project("{FAE04EC0-301F-11D3-BF4B-00C04F79EFBC}") = "Wood.Test", "Wood.Test\Wood.Test.csproj", "{5A3687A2-3B99-4AFB-8BC9-3775963A0078}"
EndProject
Project("{FAE04EC0-301F-11D3-BF4B-00C04F79EFBC}") = "Wood.ConsoleTest", "Wood.ConsoleTest\Wood.ConsoleTest.csproj", "{7F1BE5E5-1ACE-4CA9-8889-B751B81DEE46}"
EndProject
Project("{2150E333-8FDC-42A3-9474-1A3956D46DE8}") = "Éléments de solution", "Éléments de solution", "{F054CE14-6CB7-45A3-9997-5A8A4247B1F5}"
	ProjectSection(SolutionItems) = preProject
		README.md = README.md
	EndProjectSection
EndProject
Global
	GlobalSection(SolutionConfigurationPlatforms) = preSolution
		Debug|Any CPU = Debug|Any CPU
		Release|Any CPU = Release|Any CPU
	EndGlobalSection
	GlobalSection(ProjectConfigurationPlatforms) = postSolution
		{59DFF049-0C4A-45BF-9DED-E4B33EF4C94E}.Debug|Any CPU.ActiveCfg = Debug|Any CPU
		{59DFF049-0C4A-45BF-9DED-E4B33EF4C94E}.Debug|Any CPU.Build.0 = Debug|Any CPU
		{59DFF049-0C4A-45BF-9DED-E4B33EF4C94E}.Release|Any CPU.ActiveCfg = Release|Any CPU
		{59DFF049-0C4A-45BF-9DED-E4B33EF4C94E}.Release|Any CPU.Build.0 = Release|Any CPU
		{5A3687A2-3B99-4AFB-8BC9-3775963A0078}.Debug|Any CPU.ActiveCfg = Debug|Any CPU
		{5A3687A2-3B99-4AFB-8BC9-3775963A0078}.Debug|Any CPU.Build.0 = Debug|Any CPU
		{5A3687A2-3B99-4AFB-8BC9-3775963A0078}.Release|Any CPU.ActiveCfg = Release|Any CPU
		{5A3687A2-3B99-4AFB-8BC9-3775963A0078}.Release|Any CPU.Build.0 = Release|Any CPU
		{7F1BE5E5-1ACE-4CA9-8889-B751B81DEE46}.Debug|Any CPU.ActiveCfg = Debug|Any CPU
		{7F1BE5E5-1ACE-4CA9-8889-B751B81DEE46}.Debug|Any CPU.Build.0 = Debug|Any CPU
		{7F1BE5E5-1ACE-4CA9-8889-B751B81DEE46}.Release|Any CPU.ActiveCfg = Release|Any CPU
		{7F1BE5E5-1ACE-4CA9-8889-B751B81DEE46}.Release|Any CPU.Build.0 = Release|Any CPU
	EndGlobalSection
	GlobalSection(SolutionProperties) = preSolution
		HideSolutionNode = FALSE
	EndGlobalSection
	GlobalSection(ExtensibilityGlobals) = postSolution
		SolutionGuid = {B3875D4D-A3F6-4C9B-BC64-F170F7D188EA}
	EndGlobalSection
EndGlobal
